Microsoft Visual Studio Solution File, Format Version 12.00
# Visual Studio Version 17
VisualStudioVersion = 17.5.2.0
MinimumVisualStudioVersion = 10.0.40219.1
Project("{FAE04EC0-301F-11D3-BF4B-00C04F79EFBC}") = "MazeProject", "MazeProject.csproj", "{15F4CE26-069E-E355-6AC8-630B44982EE4}"
EndProject
Global
	GlobalSection(SolutionConfigurationPlatforms) = preSolution
		Debug|Any CPU = Debug|Any CPU
		Release|Any CPU = Release|Any CPU
	EndGlobalSection
	GlobalSection(ProjectConfigurationPlatforms) = postSolution
		{15F4CE26-069E-E355-6AC8-630B44982EE4}.Debug|Any CPU.ActiveCfg = Debug|Any CPU
		{15F4CE26-069E-E355-6AC8-630B44982EE4}.Debug|Any CPU.Build.0 = Debug|Any CPU
		{15F4CE26-069E-E355-6AC8-630B44982EE4}.Release|Any CPU.ActiveCfg = Release|Any CPU
		{15F4CE26-069E-E355-6AC8-630B44982EE4}.Release|Any CPU.Build.0 = Release|Any CPU
	EndGlobalSection
	GlobalSection(SolutionProperties) = preSolution
		HideSolutionNode = FALSE
	EndGlobalSection
	GlobalSection(ExtensibilityGlobals) = postSolution
		SolutionGuid = {859A454F-4071-46C5-8523-F1257617AA5B}
	EndGlobalSection
EndGlobal
